// !$*UTF8*$!
{
	archiveVersion = 1;
	classes = {
	};
	objectVersion = 56;
	objects = {

/* Begin PBXBuildFile section */
		0CA27FB02AFFF2CA002355D0 /* AppDelegate.swift in Sources */ = {isa = PBXBuildFile; fileRef = 0CA27FAF2AFFF2CA002355D0 /* AppDelegate.swift */; };
		0CA27FB22AFFF2CA002355D0 /* SceneDelegate.swift in Sources */ = {isa = PBXBuildFile; fileRef = 0CA27FB12AFFF2CA002355D0 /* SceneDelegate.swift */; };
		0CA27FB42AFFF2CA002355D0 /* ViewController.swift in Sources */ = {isa = PBXBuildFile; fileRef = 0CA27FB32AFFF2CA002355D0 /* ViewController.swift */; };
		0CA27FB72AFFF2CA002355D0 /* Main.storyboard in Resources */ = {isa = PBXBuildFile; fileRef = 0CA27FB52AFFF2CA002355D0 /* Main.storyboard */; };
		0CA27FB92AFFF2CD002355D0 /* Assets.xcassets in Resources */ = {isa = PBXBuildFile; fileRef = 0CA27FB82AFFF2CD002355D0 /* Assets.xcassets */; };
		0CA27FBC2AFFF2CD002355D0 /* LaunchScreen.storyboard in Resources */ = {isa = PBXBuildFile; fileRef = 0CA27FBA2AFFF2CD002355D0 /* LaunchScreen.storyboard */; };
		0CA27FC72AFFF2CD002355D0 /* Assignment4Tests.swift in Sources */ = {isa = PBXBuildFile; fileRef = 0CA27FC62AFFF2CD002355D0 /* Assignment4Tests.swift */; };
		0CA27FD12AFFF2CD002355D0 /* Assignment4UITests.swift in Sources */ = {isa = PBXBuildFile; fileRef = 0CA27FD02AFFF2CD002355D0 /* Assignment4UITests.swift */; };
		0CA27FD32AFFF2CD002355D0 /* Assignment4UITestsLaunchTests.swift in Sources */ = {isa = PBXBuildFile; fileRef = 0CA27FD22AFFF2CD002355D0 /* Assignment4UITestsLaunchTests.swift */; };
/* End PBXBuildFile section */

/* Begin PBXContainerItemProxy section */
		0CA27FC32AFFF2CD002355D0 /* PBXContainerItemProxy */ = {
			isa = PBXContainerItemProxy;
			containerPortal = 0CA27FA42AFFF2CA002355D0 /* Project object */;
			proxyType = 1;
			remoteGlobalIDString = 0CA27FAB2AFFF2CA002355D0;
			remoteInfo = Assignment4;
		};
		0CA27FCD2AFFF2CD002355D0 /* PBXContainerItemProxy */ = {
			isa = PBXContainerItemProxy;
			containerPortal = 0CA27FA42AFFF2CA002355D0 /* Project object */;
			proxyType = 1;
			remoteGlobalIDString = 0CA27FAB2AFFF2CA002355D0;
			remoteInfo = Assignment4;
		};
/* End PBXContainerItemProxy section */

/* Begin PBXFileReference section */
		0CA27FAC2AFFF2CA002355D0 /* Assignment4.app */ = {isa = PBXFileReference; explicitFileType = wrapper.application; includeInIndex = 0; path = Assignment4.app; sourceTree = BUILT_PRODUCTS_DIR; };
		0CA27FAF2AFFF2CA002355D0 /* AppDelegate.swift */ = {isa = PBXFileReference; lastKnownFileType = sourcecode.swift; path = AppDelegate.swift; sourceTree = "<group>"; };
		0CA27FB12AFFF2CA002355D0 /* SceneDelegate.swift */ = {isa = PBXFileReference; lastKnownFileType = sourcecode.swift; path = SceneDelegate.swift; sourceTree = "<group>"; };
		0CA27FB32AFFF2CA002355D0 /* ViewController.swift */ = {isa = PBXFileReference; lastKnownFileType = sourcecode.swift; path = ViewController.swift; sourceTree = "<group>"; };
		0CA27FB62AFFF2CA002355D0 /* Base */ = {isa = PBXFileReference; lastKnownFileType = file.storyboard; name = Base; path = Base.lproj/Main.storyboard; sourceTree = "<group>"; };
		0CA27FB82AFFF2CD002355D0 /* Assets.xcassets */ = {isa = PBXFileReference; lastKnownFileType = folder.assetcatalog; path = Assets.xcassets; sourceTree = "<group>"; };
		0CA27FBB2AFFF2CD002355D0 /* Base */ = {isa = PBXFileReference; lastKnownFileType = file.storyboard; name = Base; path = Base.lproj/LaunchScreen.storyboard; sourceTree = "<group>"; };
		0CA27FBD2AFFF2CD002355D0 /* Info.plist */ = {isa = PBXFileReference; lastKnownFileType = text.plist.xml; path = Info.plist; sourceTree = "<group>"; };
		0CA27FC22AFFF2CD002355D0 /* Assignment4Tests.xctest */ = {isa = PBXFileReference; explicitFileType = wrapper.cfbundle; includeInIndex = 0; path = Assignment4Tests.xctest; sourceTree = BUILT_PRODUCTS_DIR; };
		0CA27FC62AFFF2CD002355D0 /* Assignment4Tests.swift */ = {isa = PBXFileReference; lastKnownFileType = sourcecode.swift; path = Assignment4Tests.swift; sourceTree = "<group>"; };
		0CA27FCC2AFFF2CD002355D0 /* Assignment4UITests.xctest */ = {isa = PBXFileReference; explicitFileType = wrapper.cfbundle; includeInIndex = 0; path = Assignment4UITests.xctest; sourceTree = BUILT_PRODUCTS_DIR; };
		0CA27FD02AFFF2CD002355D0 /* Assignment4UITests.swift */ = {isa = PBXFileReference; lastKnownFileType = sourcecode.swift; path = Assignment4UITests.swift; sourceTree = "<group>"; };
		0CA27FD22AFFF2CD002355D0 /* Assignment4UITestsLaunchTests.swift */ = {isa = PBXFileReference; lastKnownFileType = sourcecode.swift; path = Assignment4UITestsLaunchTests.swift; sourceTree = "<group>"; };
/* End PBXFileReference section */

/* Begin PBXFrameworksBuildPhase section */
		0CA27FA92AFFF2CA002355D0 /* Frameworks */ = {
			isa = PBXFrameworksBuildPhase;
			buildActionMask = 2147483647;
			files = (
			);
			runOnlyForDeploymentPostprocessing = 0;
		};
		0CA27FBF2AFFF2CD002355D0 /* Frameworks */ = {
			isa = PBXFrameworksBuildPhase;
			buildActionMask = 2147483647;
			files = (
			);
			runOnlyForDeploymentPostprocessing = 0;
		};
		0CA27FC92AFFF2CD002355D0 /* Frameworks */ = {
			isa = PBXFrameworksBuildPhase;
			buildActionMask = 2147483647;
			files = (
			);
			runOnlyForDeploymentPostprocessing = 0;
		};
/* End PBXFrameworksBuildPhase section */

/* Begin PBXGroup section */
		0CA27FA32AFFF2CA002355D0 = {
			isa = PBXGroup;
			children = (
				0CA27FAE2AFFF2CA002355D0 /* Assignment4 */,
				0CA27FC52AFFF2CD002355D0 /* Assignment4Tests */,
				0CA27FCF2AFFF2CD002355D0 /* Assignment4UITests */,
				0CA27FAD2AFFF2CA002355D0 /* Products */,
			);
			sourceTree = "<group>";
		};
		0CA27FAD2AFFF2CA002355D0 /* Products */ = {
			isa = PBXGroup;
			children = (
				0CA27FAC2AFFF2CA002355D0 /* Assignment4.app */,
				0CA27FC22AFFF2CD002355D0 /* Assignment4Tests.xctest */,
				0CA27FCC2AFFF2CD002355D0 /* Assignment4UITests.xctest */,
			);
			name = Products;
			sourceTree = "<group>";
		};
		0CA27FAE2AFFF2CA002355D0 /* Assignment4 */ = {
			isa = PBXGroup;
			children = (
				0CA27FAF2AFFF2CA002355D0 /* AppDelegate.swift */,
				0CA27FB12AFFF2CA002355D0 /* SceneDelegate.swift */,
				0CA27FB32AFFF2CA002355D0 /* ViewController.swift */,
				0CA27FB52AFFF2CA002355D0 /* Main.storyboard */,
				0CA27FB82AFFF2CD002355D0 /* Assets.xcassets */,
				0CA27FBA2AFFF2CD002355D0 /* LaunchScreen.storyboard */,
				0CA27FBD2AFFF2CD002355D0 /* Info.plist */,
			);
			path = Assignment4;
			sourceTree = "<group>";
		};
		0CA27FC52AFFF2CD002355D0 /* Assignment4Tests */ = {
			isa = PBXGroup;
			children = (
				0CA27FC62AFFF2CD002355D0 /* Assignment4Tests.swift */,
			);
			path = Assignment4Tests;
			sourceTree = "<group>";
		};
		0CA27FCF2AFFF2CD002355D0 /* Assignment4UITests */ = {
			isa = PBXGroup;
			children = (
				0CA27FD02AFFF2CD002355D0 /* Assignment4UITests.swift */,
				0CA27FD22AFFF2CD002355D0 /* Assignment4UITestsLaunchTests.swift */,
			);
			path = Assignment4UITests;
			sourceTree = "<group>";
		};
/* End PBXGroup section */

/* Begin PBXNativeTarget section */
		0CA27FAB2AFFF2CA002355D0 /* Assignment4 */ = {
			isa = PBXNativeTarget;
			buildConfigurationList = 0CA27FD62AFFF2CD002355D0 /* Build configuration list for PBXNativeTarget "Assignment4" */;
			buildPhases = (
				0CA27FA82AFFF2CA002355D0 /* Sources */,
				0CA27FA92AFFF2CA002355D0 /* Frameworks */,
				0CA27FAA2AFFF2CA002355D0 /* Resources */,
			);
			buildRules = (
			);
			dependencies = (
			);
			name = Assignment4;
			productName = Assignment4;
			productReference = 0CA27FAC2AFFF2CA002355D0 /* Assignment4.app */;
			productType = "com.apple.product-type.application";
		};
		0CA27FC12AFFF2CD002355D0 /* Assignment4Tests */ = {
			isa = PBXNativeTarget;
			buildConfigurationList = 0CA27FD92AFFF2CD002355D0 /* Build configuration list for PBXNativeTarget "Assignment4Tests" */;
			buildPhases = (
				0CA27FBE2AFFF2CD002355D0 /* Sources */,
				0CA27FBF2AFFF2CD002355D0 /* Frameworks */,
				0CA27FC02AFFF2CD002355D0 /* Resources */,
			);
			buildRules = (
			);
			dependencies = (
				0CA27FC42AFFF2CD002355D0 /* PBXTargetDependency */,
			);
			name = Assignment4Tests;
			productName = Assignment4Tests;
			productReference = 0CA27FC22AFFF2CD002355D0 /* Assignment4Tests.xctest */;
			productType = "com.apple.product-type.bundle.unit-test";
		};
		0CA27FCB2AFFF2CD002355D0 /* Assignment4UITests */ = {
			isa = PBXNativeTarget;
			buildConfigurationList = 0CA27FDC2AFFF2CD002355D0 /* Build configuration list for PBXNativeTarget "Assignment4UITests" */;
			buildPhases = (
				0CA27FC82AFFF2CD002355D0 /* Sources */,
				0CA27FC92AFFF2CD002355D0 /* Frameworks */,
				0CA27FCA2AFFF2CD002355D0 /* Resources */,
			);
			buildRules = (
			);
			dependencies = (
				0CA27FCE2AFFF2CD002355D0 /* PBXTargetDependency */,
			);
			name = Assignment4UITests;
			productName = Assignment4UITests;
			productReference = 0CA27FCC2AFFF2CD002355D0 /* Assignment4UITests.xctest */;
			productType = "com.apple.product-type.bundle.ui-testing";
		};
/* End PBXNativeTarget section */

/* Begin PBXProject section */
		0CA27FA42AFFF2CA002355D0 /* Project object */ = {
			isa = PBXProject;
			attributes = {
				BuildIndependentTargetsInParallel = 1;
				LastSwiftUpdateCheck = 1500;
				LastUpgradeCheck = 1500;
				TargetAttributes = {
					0CA27FAB2AFFF2CA002355D0 = {
						CreatedOnToolsVersion = 15.0;
					};
					0CA27FC12AFFF2CD002355D0 = {
						CreatedOnToolsVersion = 15.0;
						TestTargetID = 0CA27FAB2AFFF2CA002355D0;
					};
					0CA27FCB2AFFF2CD002355D0 = {
						CreatedOnToolsVersion = 15.0;
						TestTargetID = 0CA27FAB2AFFF2CA002355D0;
					};
				};
			};
			buildConfigurationList = 0CA27FA72AFFF2CA002355D0 /* Build configuration list for PBXProject "Assignment4" */;
			compatibilityVersion = "Xcode 14.0";
			developmentRegion = en;
			hasScannedForEncodings = 0;
			knownRegions = (
				en,
				Base,
			);
			mainGroup = 0CA27FA32AFFF2CA002355D0;
			productRefGroup = 0CA27FAD2AFFF2CA002355D0 /* Products */;
			projectDirPath = "";
			projectRoot = "";
			targets = (
				0CA27FAB2AFFF2CA002355D0 /* Assignment4 */,
				0CA27FC12AFFF2CD002355D0 /* Assignment4Tests */,
				0CA27FCB2AFFF2CD002355D0 /* Assignment4UITests */,
			);
		};
/* End PBXProject section */

/* Begin PBXResourcesBuildPhase section */
		0CA27FAA2AFFF2CA002355D0 /* Resources */ = {
			isa = PBXResourcesBuildPhase;
			buildActionMask = 2147483647;
			files = (
				0CA27FBC2AFFF2CD002355D0 /* LaunchScreen.storyboard in Resources */,
				0CA27FB92AFFF2CD002355D0 /* Assets.xcassets in Resources */,
				0CA27FB72AFFF2CA002355D0 /* Main.storyboard in Resources */,
			);
			runOnlyForDeploymentPostprocessing = 0;
		};
		0CA27FC02AFFF2CD002355D0 /* Resources */ = {
			isa = PBXResourcesBuildPhase;
			buildActionMask = 2147483647;
			files = (
			);
			runOnlyForDeploymentPostprocessing = 0;
		};
		0CA27FCA2AFFF2CD002355D0 /* Resources */ = {
			isa = PBXResourcesBuildPhase;
			buildActionMask = 2147483647;
			files = (
			);
			runOnlyForDeploymentPostprocessing = 0;
		};
/* End PBXResourcesBuildPhase section */

/* Begin PBXSourcesBuildPhase section */
		0CA27FA82AFFF2CA002355D0 /* Sources */ = {
			isa = PBXSourcesBuildPhase;
			buildActionMask = 2147483647;
			files = (
				0CA27FB42AFFF2CA002355D0 /* ViewController.swift in Sources */,
				0CA27FB02AFFF2CA002355D0 /* AppDelegate.swift in Sources */,
				0CA27FB22AFFF2CA002355D0 /* SceneDelegate.swift in Sources */,
			);
			runOnlyForDeploymentPostprocessing = 0;
		};
		0CA27FBE2AFFF2CD002355D0 /* Sources */ = {
			isa = PBXSourcesBuildPhase;
			buildActionMask = 2147483647;
			files = (
				0CA27FC72AFFF2CD002355D0 /* Assignment4Tests.swift in Sources */,
			);
			runOnlyForDeploymentPostprocessing = 0;
		};
		0CA27FC82AFFF2CD002355D0 /* Sources */ = {
			isa = PBXSourcesBuildPhase;
			buildActionMask = 2147483647;
			files = (
				0CA27FD32AFFF2CD002355D0 /* Assignment4UITestsLaunchTests.swift in Sources */,
				0CA27FD12AFFF2CD002355D0 /* Assignment4UITests.swift in Sources */,
			);
			runOnlyForDeploymentPostprocessing = 0;
		};
/* End PBXSourcesBuildPhase section */

/* Begin PBXTargetDependency section */
		0CA27FC42AFFF2CD002355D0 /* PBXTargetDependency */ = {
			isa = PBXTargetDependency;
			target = 0CA27FAB2AFFF2CA002355D0 /* Assignment4 */;
			targetProxy = 0CA27FC32AFFF2CD002355D0 /* PBXContainerItemProxy */;
		};
		0CA27FCE2AFFF2CD002355D0 /* PBXTargetDependency */ = {
			isa = PBXTargetDependency;
			target = 0CA27FAB2AFFF2CA002355D0 /* Assignment4 */;
			targetProxy = 0CA27FCD2AFFF2CD002355D0 /* PBXContainerItemProxy */;
		};
/* End PBXTargetDependency section */

/* Begin PBXVariantGroup section */
		0CA27FB52AFFF2CA002355D0 /* Main.storyboard */ = {
			isa = PBXVariantGroup;
			children = (
				0CA27FB62AFFF2CA002355D0 /* Base */,
			);
			name = Main.storyboard;
			sourceTree = "<group>";
		};
		0CA27FBA2AFFF2CD002355D0 /* LaunchScreen.storyboard */ = {
			isa = PBXVariantGroup;
			children = (
				0CA27FBB2AFFF2CD002355D0 /* Base */,
			);
			name = LaunchScreen.storyboard;
			sourceTree = "<group>";
		};
/* End PBXVariantGroup section */

/* Begin XCBuildConfiguration section */
		0CA27FD42AFFF2CD002355D0 /* Debug */ = {
			isa = XCBuildConfiguration;
			buildSettings = {
				ALWAYS_SEARCH_USER_PATHS = NO;
				ASSETCATALOG_COMPILER_GENERATE_SWIFT_ASSET_SYMBOL_EXTENSIONS = YES;
				CLANG_ANALYZER_NONNULL = YES;
				CLANG_ANALYZER_NUMBER_OBJECT_CONVERSION = YES_AGGRESSIVE;
				CLANG_CXX_LANGUAGE_STANDARD = "gnu++20";
				CLANG_ENABLE_MODULES = YES;
				CLANG_ENABLE_OBJC_ARC = YES;
				CLANG_ENABLE_OBJC_WEAK = YES;
				CLANG_WARN_BLOCK_CAPTURE_AUTORELEASING = YES;
				CLANG_WARN_BOOL_CONVERSION = YES;
				CLANG_WARN_COMMA = YES;
				CLANG_WARN_CONSTANT_CONVERSION = YES;
				CLANG_WARN_DEPRECATED_OBJC_IMPLEMENTATIONS = YES;
				CLANG_WARN_DIRECT_OBJC_ISA_USAGE = YES_ERROR;
				CLANG_WARN_DOCUMENTATION_COMMENTS = YES;
				CLANG_WARN_EMPTY_BODY = YES;
				CLANG_WARN_ENUM_CONVERSION = YES;
				CLANG_WARN_INFINITE_RECURSION = YES;
				CLANG_WARN_INT_CONVERSION = YES;
				CLANG_WARN_NON_LITERAL_NULL_CONVERSION = YES;
				CLANG_WARN_OBJC_IMPLICIT_RETAIN_SELF = YES;
				CLANG_WARN_OBJC_LITERAL_CONVERSION = YES;
				CLANG_WARN_OBJC_ROOT_CLASS = YES_ERROR;
				CLANG_WARN_QUOTED_INCLUDE_IN_FRAMEWORK_HEADER = YES;
				CLANG_WARN_RANGE_LOOP_ANALYSIS = YES;
				CLANG_WARN_STRICT_PROTOTYPES = YES;
				CLANG_WARN_SUSPICIOUS_MOVE = YES;
				CLANG_WARN_UNGUARDED_AVAILABILITY = YES_AGGRESSIVE;
				CLANG_WARN_UNREACHABLE_CODE = YES;
				CLANG_WARN__DUPLICATE_METHOD_MATCH = YES;
				COPY_PHASE_STRIP = NO;
				DEBUG_INFORMATION_FORMAT = dwarf;
				ENABLE_STRICT_OBJC_MSGSEND = YES;
				ENABLE_TESTABILITY = YES;
				ENABLE_USER_SCRIPT_SANDBOXING = YES;
				GCC_C_LANGUAGE_STANDARD = gnu17;
				GCC_DYNAMIC_NO_PIC = NO;
				GCC_NO_COMMON_BLOCKS = YES;
				GCC_OPTIMIZATION_LEVEL = 0;
				GCC_PREPROCESSOR_DEFINITIONS = (
					"DEBUG=1",
					"$(inherited)",
				);
				GCC_WARN_64_TO_32_BIT_CONVERSION = YES;
				GCC_WARN_ABOUT_RETURN_TYPE = YES_ERROR;
				GCC_WARN_UNDECLARED_SELECTOR = YES;
				GCC_WARN_UNINITIALIZED_AUTOS = YES_AGGRESSIVE;
				GCC_WARN_UNUSED_FUNCTION = YES;
				GCC_WARN_UNUSED_VARIABLE = YES;
				IPHONEOS_DEPLOYMENT_TARGET = 17.0;
				LOCALIZATION_PREFERS_STRING_CATALOGS = YES;
				MTL_ENABLE_DEBUG_INFO = INCLUDE_SOURCE;
				MTL_FAST_MATH = YES;
				ONLY_ACTIVE_ARCH = YES;
				SDKROOT = iphoneos;
				SWIFT_ACTIVE_COMPILATION_CONDITIONS = "DEBUG $(inherited)";
				SWIFT_OPTIMIZATION_LEVEL = "-Onone";
			};
			name = Debug;
		};
		0CA27FD52AFFF2CD002355D0 /* Release */ = {
			isa = XCBuildConfiguration;
			buildSettings = {
				ALWAYS_SEARCH_USER_PATHS = NO;
				ASSETCATALOG_COMPILER_GENERATE_SWIFT_ASSET_SYMBOL_EXTENSIONS = YES;
				CLANG_ANALYZER_NONNULL = YES;
				CLANG_ANALYZER_NUMBER_OBJECT_CONVERSION = YES_AGGRESSIVE;
				CLANG_CXX_LANGUAGE_STANDARD = "gnu++20";
				CLANG_ENABLE_MODULES = YES;
				CLANG_ENABLE_OBJC_ARC = YES;
				CLANG_ENABLE_OBJC_WEAK = YES;
				CLANG_WARN_BLOCK_CAPTURE_AUTORELEASING = YES;
				CLANG_WARN_BOOL_CONVERSION = YES;
				CLANG_WARN_COMMA = YES;
				CLANG_WARN_CONSTANT_CONVERSION = YES;
				CLANG_WARN_DEPRECATED_OBJC_IMPLEMENTATIONS = YES;
				CLANG_WARN_DIRECT_OBJC_ISA_USAGE = YES_ERROR;
				CLANG_WARN_DOCUMENTATION_COMMENTS = YES;
				CLANG_WARN_EMPTY_BODY = YES;
				CLANG_WARN_ENUM_CONVERSION = YES;
				CLANG_WARN_INFINITE_RECURSION = YES;
				CLANG_WARN_INT_CONVERSION = YES;
				CLANG_WARN_NON_LITERAL_NULL_CONVERSION = YES;
				CLANG_WARN_OBJC_IMPLICIT_RETAIN_SELF = YES;
				CLANG_WARN_OBJC_LITERAL_CONVERSION = YES;
				CLANG_WARN_OBJC_ROOT_CLASS = YES_ERROR;
				CLANG_WARN_QUOTED_INCLUDE_IN_FRAMEWORK_HEADER = YES;
				CLANG_WARN_RANGE_LOOP_ANALYSIS = YES;
				CLANG_WARN_STRICT_PROTOTYPES = YES;
				CLANG_WARN_SUSPICIOUS_MOVE = YES;
				CLANG_WARN_UNGUARDED_AVAILABILITY = YES_AGGRESSIVE;
				CLANG_WARN_UNREACHABLE_CODE = YES;
				CLANG_WARN__DUPLICATE_METHOD_MATCH = YES;
				COPY_PHASE_STRIP = NO;
				DEBUG_INFORMATION_FORMAT = "dwarf-with-dsym";
				ENABLE_NS_ASSERTIONS = NO;
				ENABLE_STRICT_OBJC_MSGSEND = YES;
				ENABLE_USER_SCRIPT_SANDBOXING = YES;
				GCC_C_LANGUAGE_STANDARD = gnu17;
				GCC_NO_COMMON_BLOCKS = YES;
				GCC_WARN_64_TO_32_BIT_CONVERSION = YES;
				GCC_WARN_ABOUT_RETURN_TYPE = YES_ERROR;
				GCC_WARN_UNDECLARED_SELECTOR = YES;
				GCC_WARN_UNINITIALIZED_AUTOS = YES_AGGRESSIVE;
				GCC_WARN_UNUSED_FUNCTION = YES;
				GCC_WARN_UNUSED_VARIABLE = YES;
				IPHONEOS_DEPLOYMENT_TARGET = 17.0;
				LOCALIZATION_PREFERS_STRING_CATALOGS = YES;
				MTL_ENABLE_DEBUG_INFO = NO;
				MTL_FAST_MATH = YES;
				SDKROOT = iphoneos;
				SWIFT_COMPILATION_MODE = wholemodule;
				VALIDATE_PRODUCT = YES;
			};
			name = Release;
		};
		0CA27FD72AFFF2CD002355D0 /* Debug */ = {
			isa = XCBuildConfiguration;
			buildSettings = {
				ASSETCATALOG_COMPILER_APPICON_NAME = AppIcon;
				ASSETCATALOG_COMPILER_GLOBAL_ACCENT_COLOR_NAME = AccentColor;
				CODE_SIGN_STYLE = Automatic;
				CURRENT_PROJECT_VERSION = 1;
				GENERATE_INFOPLIST_FILE = YES;
				INFOPLIST_FILE = Assignment4/Info.plist;
				INFOPLIST_KEY_UIApplicationSupportsIndirectInputEvents = YES;
				INFOPLIST_KEY_UILaunchStoryboardName = LaunchScreen;
				INFOPLIST_KEY_UIMainStoryboardFile = Main;
				INFOPLIST_KEY_UISupportedInterfaceOrientations_iPad = "UIInterfaceOrientationPortrait UIInterfaceOrientationPortraitUpsideDown UIInterfaceOrientationLandscapeLeft UIInterfaceOrientationLandscapeRight";
				INFOPLIST_KEY_UISupportedInterfaceOrientations_iPhone = "UIInterfaceOrientationPortrait UIInterfaceOrientationLandscapeLeft UIInterfaceOrientationLandscapeRight";
				LD_RUNPATH_SEARCH_PATHS = (
					"$(inherited)",
					"@executable_path/Frameworks",
				);
				MARKETING_VERSION = 1.0;
				PRODUCT_BUNDLE_IDENTIFIER = jgray.lol.Assignment4;
				PRODUCT_NAME = "$(TARGET_NAME)";
				SWIFT_EMIT_LOC_STRINGS = YES;
				SWIFT_VERSION = 5.0;
				TARGETED_DEVICE_FAMILY = "1,2";
			};
			name = Debug;
		};
		0CA27FD82AFFF2CD002355D0 /* Release */ = {
			isa = XCBuildConfiguration;
			buildSettings = {
				ASSETCATALOG_COMPILER_APPICON_NAME = AppIcon;
				ASSETCATALOG_COMPILER_GLOBAL_ACCENT_COLOR_NAME = AccentColor;
				CODE_SIGN_STYLE = Automatic;
				CURRENT_PROJECT_VERSION = 1;
				GENERATE_INFOPLIST_FILE = YES;
				INFOPLIST_FILE = Assignment4/Info.plist;
				INFOPLIST_KEY_UIApplicationSupportsIndirectInputEvents = YES;
				INFOPLIST_KEY_UILaunchStoryboardName = LaunchScreen;
				INFOPLIST_KEY_UIMainStoryboardFile = Main;
				INFOPLIST_KEY_UISupportedInterfaceOrientations_iPad = "UIInterfaceOrientationPortrait UIInterfaceOrientationPortraitUpsideDown UIInterfaceOrientationLandscapeLeft UIInterfaceOrientationLandscapeRight";
				INFOPLIST_KEY_UISupportedInterfaceOrientations_iPhone = "UIInterfaceOrientationPortrait UIInterfaceOrientationLandscapeLeft UIInterfaceOrientationLandscapeRight";
				LD_RUNPATH_SEARCH_PATHS = (
					"$(inherited)",
					"@executable_path/Frameworks",
				);
				MARKETING_VERSION = 1.0;
				PRODUCT_BUNDLE_IDENTIFIER = jgray.lol.Assignment4;
				PRODUCT_NAME = "$(TARGET_NAME)";
				SWIFT_EMIT_LOC_STRINGS = YES;
				SWIFT_VERSION = 5.0;
				TARGETED_DEVICE_FAMILY = "1,2";
			};
			name = Release;
		};
		0CA27FDA2AFFF2CD002355D0 /* Debug */ = {
			isa = XCBuildConfiguration;
			buildSettings = {
				ALWAYS_EMBED_SWIFT_STANDARD_LIBRARIES = YES;
				BUNDLE_LOADER = "$(TEST_HOST)";
				CODE_SIGN_STYLE = Automatic;
				CURRENT_PROJECT_VERSION = 1;
				GENERATE_INFOPLIST_FILE = YES;
				IPHONEOS_DEPLOYMENT_TARGET = 17.0;
				MARKETING_VERSION = 1.0;
				PRODUCT_BUNDLE_IDENTIFIER = jgray.lol.Assignment4Tests;
				PRODUCT_NAME = "$(TARGET_NAME)";
				SWIFT_EMIT_LOC_STRINGS = NO;
				SWIFT_VERSION = 5.0;
				TARGETED_DEVICE_FAMILY = "1,2";
				TEST_HOST = "$(BUILT_PRODUCTS_DIR)/Assignment4.app/$(BUNDLE_EXECUTABLE_FOLDER_PATH)/Assignment4";
			};
			name = Debug;
		};
		0CA27FDB2AFFF2CD002355D0 /* Release */ = {
			isa = XCBuildConfiguration;
			buildSettings = {
				ALWAYS_EMBED_SWIFT_STANDARD_LIBRARIES = YES;
				BUNDLE_LOADER = "$(TEST_HOST)";
				CODE_SIGN_STYLE = Automatic;
				CURRENT_PROJECT_VERSION = 1;
				GENERATE_INFOPLIST_FILE = YES;
				IPHONEOS_DEPLOYMENT_TARGET = 17.0;
				MARKETING_VERSION = 1.0;
				PRODUCT_BUNDLE_IDENTIFIER = jgray.lol.Assignment4Tests;
				PRODUCT_NAME = "$(TARGET_NAME)";
				SWIFT_EMIT_LOC_STRINGS = NO;
				SWIFT_VERSION = 5.0;
				TARGETED_DEVICE_FAMILY = "1,2";
				TEST_HOST = "$(BUILT_PRODUCTS_DIR)/Assignment4.app/$(BUNDLE_EXECUTABLE_FOLDER_PATH)/Assignment4";
			};
			name = Release;
		};
		0CA27FDD2AFFF2CD002355D0 /* Debug */ = {
			isa = XCBuildConfiguration;
			buildSettings = {
				ALWAYS_EMBED_SWIFT_STANDARD_LIBRARIES = YES;
				CODE_SIGN_STYLE = Automatic;
				CURRENT_PROJECT_VERSION = 1;
				GENERATE_INFOPLIST_FILE = YES;
				MARKETING_VERSION = 1.0;
				PRODUCT_BUNDLE_IDENTIFIER = jgray.lol.Assignment4UITests;
				PRODUCT_NAME = "$(TARGET_NAME)";
				SWIFT_EMIT_LOC_STRINGS = NO;
				SWIFT_VERSION = 5.0;
				TARGETED_DEVICE_FAMILY = "1,2";
				TEST_TARGET_NAME = Assignment4;
			};
			name = Debug;
		};
		0CA27FDE2AFFF2CD002355D0 /* Release */ = {
			isa = XCBuildConfiguration;
			buildSettings = {
				ALWAYS_EMBED_SWIFT_STANDARD_LIBRARIES = YES;
				CODE_SIGN_STYLE = Automatic;
				CURRENT_PROJECT_VERSION = 1;
				GENERATE_INFOPLIST_FILE = YES;
				MARKETING_VERSION = 1.0;
				PRODUCT_BUNDLE_IDENTIFIER = jgray.lol.Assignment4UITests;
				PRODUCT_NAME = "$(TARGET_NAME)";
				SWIFT_EMIT_LOC_STRINGS = NO;
				SWIFT_VERSION = 5.0;
				TARGETED_DEVICE_FAMILY = "1,2";
				TEST_TARGET_NAME = Assignment4;
			};
			name = Release;
		};
/* End XCBuildConfiguration section */

/* Begin XCConfigurationList section */
		0CA27FA72AFFF2CA002355D0 /* Build configuration list for PBXProject "Assignment4" */ = {
			isa = XCConfigurationList;
			buildConfigurations = (
				0CA27FD42AFFF2CD002355D0 /* Debug */,
				0CA27FD52AFFF2CD002355D0 /* Release */,
			);
			defaultConfigurationIsVisible = 0;
			defaultConfigurationName = Release;
		};
		0CA27FD62AFFF2CD002355D0 /* Build configuration list for PBXNativeTarget "Assignment4" */ = {
			isa = XCConfigurationList;
			buildConfigurations = (
				0CA27FD72AFFF2CD002355D0 /* Debug */,
				0CA27FD82AFFF2CD002355D0 /* Release */,
			);
			defaultConfigurationIsVisible = 0;
			defaultConfigurationName = Release;
		};
		0CA27FD92AFFF2CD002355D0 /* Build configuration list for PBXNativeTarget "Assignment4Tests" */ = {
			isa = XCConfigurationList;
			buildConfigurations = (
				0CA27FDA2AFFF2CD002355D0 /* Debug */,
				0CA27FDB2AFFF2CD002355D0 /* Release */,
			);
			defaultConfigurationIsVisible = 0;
			defaultConfigurationName = Release;
		};
		0CA27FDC2AFFF2CD002355D0 /* Build configuration list for PBXNativeTarget "Assignment4UITests" */ = {
			isa = XCConfigurationList;
			buildConfigurations = (
				0CA27FDD2AFFF2CD002355D0 /* Debug */,
				0CA27FDE2AFFF2CD002355D0 /* Release */,
			);
			defaultConfigurationIsVisible = 0;
			defaultConfigurationName = Release;
		};
/* End XCConfigurationList section */
	};
	rootObject = 0CA27FA42AFFF2CA002355D0 /* Project object */;
}
